
Microsoft Visual Studio Solution File, Format Version 12.00
# Visual Studio 14
VisualStudioVersion = 14.0.25420.1
MinimumVisualStudioVersion = 10.0.40219.1
Project("{2150E333-8FDC-42A3-9474-1A3956D46DE8}") = "src", "src", "{BD7A3AE7-8311-4596-B08D-47A788236AF3}"
EndProject
Project("{2150E333-8FDC-42A3-9474-1A3956D46DE8}") = "Solution Items", "Solution Items", "{084E8E00-9EEB-4EBC-9748-4673CB1D9670}"
	ProjectSection(SolutionItems) = preProject
		global.json = global.json
	EndProjectSection
EndProject
Project("{8BB2217D-0F2D-49D1-97BC-3654ED321F3B}") = "UniversalSync", "src\UniversalSync\UniversalSync.xproj", "{CD57CEEA-D3FF-4A0C-8AF4-A968453EAB27}"
EndProject
Project("{2150E333-8FDC-42A3-9474-1A3956D46DE8}") = "Storage", "Storage", "{907ABAE8-BD68-4815-B1E2-C621FA7A63FC}"
EndProject
Project("{2150E333-8FDC-42A3-9474-1A3956D46DE8}") = "Azure", "Azure", "{5C24B4B5-760A-4583-AF12-FBE3040A967E}"
EndProject
Project("{FAE04EC0-301F-11D3-BF4B-00C04F79EFBC}") = "StorageAzure", "Storage\Azure\StorageAzure\StorageAzure.csproj", "{E1D20640-7A0F-4534-99DD-8F00BA51FEEF}"
EndProject
Project("{FAE04EC0-301F-11D3-BF4B-00C04F79EFBC}") = "StorageAzureTests", "Storage\Azure\StorageAzureTests\StorageAzureTests.csproj", "{37016765-C145-4FD1-A8F8-4A61CE694164}"
EndProject
Global
	GlobalSection(SolutionConfigurationPlatforms) = preSolution
		Debug|Any CPU = Debug|Any CPU
		Release|Any CPU = Release|Any CPU
	EndGlobalSection
	GlobalSection(ProjectConfigurationPlatforms) = postSolution
		{CD57CEEA-D3FF-4A0C-8AF4-A968453EAB27}.Debug|Any CPU.ActiveCfg = Debug|Any CPU
		{CD57CEEA-D3FF-4A0C-8AF4-A968453EAB27}.Debug|Any CPU.Build.0 = Debug|Any CPU
		{CD57CEEA-D3FF-4A0C-8AF4-A968453EAB27}.Release|Any CPU.ActiveCfg = Release|Any CPU
		{CD57CEEA-D3FF-4A0C-8AF4-A968453EAB27}.Release|Any CPU.Build.0 = Release|Any CPU
		{E1D20640-7A0F-4534-99DD-8F00BA51FEEF}.Debug|Any CPU.ActiveCfg = Debug|Any CPU
		{E1D20640-7A0F-4534-99DD-8F00BA51FEEF}.Debug|Any CPU.Build.0 = Debug|Any CPU
		{E1D20640-7A0F-4534-99DD-8F00BA51FEEF}.Release|Any CPU.ActiveCfg = Release|Any CPU
		{E1D20640-7A0F-4534-99DD-8F00BA51FEEF}.Release|Any CPU.Build.0 = Release|Any CPU
		{37016765-C145-4FD1-A8F8-4A61CE694164}.Debug|Any CPU.ActiveCfg = Debug|Any CPU
		{37016765-C145-4FD1-A8F8-4A61CE694164}.Debug|Any CPU.Build.0 = Debug|Any CPU
		{37016765-C145-4FD1-A8F8-4A61CE694164}.Release|Any CPU.ActiveCfg = Release|Any CPU
		{37016765-C145-4FD1-A8F8-4A61CE694164}.Release|Any CPU.Build.0 = Release|Any CPU
	EndGlobalSection
	GlobalSection(SolutionProperties) = preSolution
		HideSolutionNode = FALSE
	EndGlobalSection
	GlobalSection(NestedProjects) = preSolution
		{CD57CEEA-D3FF-4A0C-8AF4-A968453EAB27} = {BD7A3AE7-8311-4596-B08D-47A788236AF3}
		{5C24B4B5-760A-4583-AF12-FBE3040A967E} = {907ABAE8-BD68-4815-B1E2-C621FA7A63FC}
		{E1D20640-7A0F-4534-99DD-8F00BA51FEEF} = {5C24B4B5-760A-4583-AF12-FBE3040A967E}
	EndGlobalSection
EndGlobal
